
Microsoft Visual Studio Solution File, Format Version 12.00
# Visual Studio 15
VisualStudioVersion = 15.0.28307.136
MinimumVisualStudioVersion = 10.0.40219.1
Project("{FAE04EC0-301F-11D3-BF4B-00C04F79EFBC}") = "AddUpdateDeleteApp", "AddUpdateDeleteApp\AddUpdateDeleteApp.csproj", "{BCB0B78E-181D-4734-9FC7-E52C9AAF76F6}"
EndProject
Project("{FAE04EC0-301F-11D3-BF4B-00C04F79EFBC}") = "Person.Models", "Person.Models\Person.Models.csproj", "{100BC106-9492-4307-BD1C-69E8B07922F0}"
EndProject
Project("{FAE04EC0-301F-11D3-BF4B-00C04F79EFBC}") = "Person.DatabaseContext", "Person.DatabaseContext\Person.DatabaseContext.csproj", "{FD8F8DE3-4C06-45FD-93D4-5FA6E6B6613B}"
EndProject
Project("{FAE04EC0-301F-11D3-BF4B-00C04F79EFBC}") = "Person.Repository", "Person.Repository\Person.Repository.csproj", "{F2DA350A-6C02-40E4-98A1-DF29500B0F27}"
EndProject
Project("{FAE04EC0-301F-11D3-BF4B-00C04F79EFBC}") = "Person.BLL", "Person.BLL\Person.BLL.csproj", "{68AD2433-6B1F-46BC-9B97-217ABACB24FE}"
EndProject
Project("{FAE04EC0-301F-11D3-BF4B-00C04F79EFBC}") = "Person.Configuration", "Person.Configuration\Person.Configuration.csproj", "{E0A9F956-E40F-4ABF-8849-43199E950D62}"
EndProject
Global
	GlobalSection(SolutionConfigurationPlatforms) = preSolution
		Debug|Any CPU = Debug|Any CPU
		Release|Any CPU = Release|Any CPU
	EndGlobalSection
	GlobalSection(ProjectConfigurationPlatforms) = postSolution
		{BCB0B78E-181D-4734-9FC7-E52C9AAF76F6}.Debug|Any CPU.ActiveCfg = Debug|Any CPU
		{BCB0B78E-181D-4734-9FC7-E52C9AAF76F6}.Debug|Any CPU.Build.0 = Debug|Any CPU
		{BCB0B78E-181D-4734-9FC7-E52C9AAF76F6}.Release|Any CPU.ActiveCfg = Release|Any CPU
		{BCB0B78E-181D-4734-9FC7-E52C9AAF76F6}.Release|Any CPU.Build.0 = Release|Any CPU
		{100BC106-9492-4307-BD1C-69E8B07922F0}.Debug|Any CPU.ActiveCfg = Debug|Any CPU
		{100BC106-9492-4307-BD1C-69E8B07922F0}.Debug|Any CPU.Build.0 = Debug|Any CPU
		{100BC106-9492-4307-BD1C-69E8B07922F0}.Release|Any CPU.ActiveCfg = Release|Any CPU
		{100BC106-9492-4307-BD1C-69E8B07922F0}.Release|Any CPU.Build.0 = Release|Any CPU
		{FD8F8DE3-4C06-45FD-93D4-5FA6E6B6613B}.Debug|Any CPU.ActiveCfg = Debug|Any CPU
		{FD8F8DE3-4C06-45FD-93D4-5FA6E6B6613B}.Debug|Any CPU.Build.0 = Debug|Any CPU
		{FD8F8DE3-4C06-45FD-93D4-5FA6E6B6613B}.Release|Any CPU.ActiveCfg = Release|Any CPU
		{FD8F8DE3-4C06-45FD-93D4-5FA6E6B6613B}.Release|Any CPU.Build.0 = Release|Any CPU
		{F2DA350A-6C02-40E4-98A1-DF29500B0F27}.Debug|Any CPU.ActiveCfg = Debug|Any CPU
		{F2DA350A-6C02-40E4-98A1-DF29500B0F27}.Debug|Any CPU.Build.0 = Debug|Any CPU
		{F2DA350A-6C02-40E4-98A1-DF29500B0F27}.Release|Any CPU.ActiveCfg = Release|Any CPU
		{F2DA350A-6C02-40E4-98A1-DF29500B0F27}.Release|Any CPU.Build.0 = Release|Any CPU
		{68AD2433-6B1F-46BC-9B97-217ABACB24FE}.Debug|Any CPU.ActiveCfg = Debug|Any CPU
		{68AD2433-6B1F-46BC-9B97-217ABACB24FE}.Debug|Any CPU.Build.0 = Debug|Any CPU
		{68AD2433-6B1F-46BC-9B97-217ABACB24FE}.Release|Any CPU.ActiveCfg = Release|Any CPU
		{68AD2433-6B1F-46BC-9B97-217ABACB24FE}.Release|Any CPU.Build.0 = Release|Any CPU
		{E0A9F956-E40F-4ABF-8849-43199E950D62}.Debug|Any CPU.ActiveCfg = Debug|Any CPU
		{E0A9F956-E40F-4ABF-8849-43199E950D62}.Debug|Any CPU.Build.0 = Debug|Any CPU
		{E0A9F956-E40F-4ABF-8849-43199E950D62}.Release|Any CPU.ActiveCfg = Release|Any CPU
		{E0A9F956-E40F-4ABF-8849-43199E950D62}.Release|Any CPU.Build.0 = Release|Any CPU
	EndGlobalSection
	GlobalSection(SolutionProperties) = preSolution
		HideSolutionNode = FALSE
	EndGlobalSection
	GlobalSection(ExtensibilityGlobals) = postSolution
		SolutionGuid = {D8ADCAE1-EBED-4A2D-99FB-AA71F53E5810}
	EndGlobalSection
EndGlobal
